// !$*UTF8*$!
{
	archiveVersion = 1;
	classes = {
	};
	objectVersion = 56;
	objects = {

/* Begin PBXBuildFile section */
		AC91411C2BEE65C8001CBB97 /* Poliv_iosApp.swift in Sources */ = {isa = PBXBuildFile; fileRef = AC91411B2BEE65C8001CBB97 /* Poliv_iosApp.swift */; };
		AC91411E2BEE65C8001CBB97 /* MainCalendarView.swift in Sources */ = {isa = PBXBuildFile; fileRef = AC91411D2BEE65C8001CBB97 /* MainCalendarView.swift */; };
		AC9141202BEE65C9001CBB97 /* Assets.xcassets in Resources */ = {isa = PBXBuildFile; fileRef = AC91411F2BEE65C9001CBB97 /* Assets.xcassets */; };
		AC9141242BEE65C9001CBB97 /* Preview Assets.xcassets in Resources */ = {isa = PBXBuildFile; fileRef = AC9141232BEE65C9001CBB97 /* Preview Assets.xcassets */; };
		AC9B6D182BEE723D00A26E66 /* MainTabBarView.swift in Sources */ = {isa = PBXBuildFile; fileRef = AC9B6D172BEE723D00A26E66 /* MainTabBarView.swift */; };
		AC9B6D1F2BEE760A00A26E66 /* FeedView.swift in Sources */ = {isa = PBXBuildFile; fileRef = AC9B6D1E2BEE760A00A26E66 /* FeedView.swift */; };
		AC9B6D212BEE762500A26E66 /* CreateView.swift in Sources */ = {isa = PBXBuildFile; fileRef = AC9B6D202BEE762500A26E66 /* CreateView.swift */; };
		AC9B6D232BEE763000A26E66 /* SovetsView.swift in Sources */ = {isa = PBXBuildFile; fileRef = AC9B6D222BEE763000A26E66 /* SovetsView.swift */; };
		AC9B6D252BEE764100A26E66 /* ProfileView.swift in Sources */ = {isa = PBXBuildFile; fileRef = AC9B6D242BEE764100A26E66 /* ProfileView.swift */; };
		AC9B6D292BEE799F00A26E66 /* ImageName.swift in Sources */ = {isa = PBXBuildFile; fileRef = AC9B6D282BEE799F00A26E66 /* ImageName.swift */; };
		AC9B6D2B2BEE7E1E00A26E66 /* TaskToDayView.swift in Sources */ = {isa = PBXBuildFile; fileRef = AC9B6D2A2BEE7E1E00A26E66 /* TaskToDayView.swift */; };
		AC9B6D2E2BEE96F800A26E66 /* TaskViewCell.swift in Sources */ = {isa = PBXBuildFile; fileRef = AC9B6D2D2BEE96F800A26E66 /* TaskViewCell.swift */; };
		ACB7FEED2BEEB08A00E0B150 /* ExtenstionColor.swift in Sources */ = {isa = PBXBuildFile; fileRef = ACB7FEEC2BEEB08A00E0B150 /* ExtenstionColor.swift */; };
		ACB7FEEF2BEEB0B900E0B150 /* Color.xcassets in Resources */ = {isa = PBXBuildFile; fileRef = ACB7FEEE2BEEB0B900E0B150 /* Color.xcassets */; };
		D5EEC51707B9B8A10E0DA08F /* Pods_Poliv_ios.framework in Frameworks */ = {isa = PBXBuildFile; fileRef = CD504E8137CCAC2607FDEE93 /* Pods_Poliv_ios.framework */; };
/* End PBXBuildFile section */

/* Begin PBXFileReference section */
		4372C414ED8BAA0C1DA7D94F /* Pods-Poliv-ios.debug.xcconfig */ = {isa = PBXFileReference; includeInIndex = 1; lastKnownFileType = text.xcconfig; name = "Pods-Poliv-ios.debug.xcconfig"; path = "Target Support Files/Pods-Poliv-ios/Pods-Poliv-ios.debug.xcconfig"; sourceTree = "<group>"; };
		9BDB03F56F1D323F57D9BF0E /* Pods-Poliv-ios.release.xcconfig */ = {isa = PBXFileReference; includeInIndex = 1; lastKnownFileType = text.xcconfig; name = "Pods-Poliv-ios.release.xcconfig"; path = "Target Support Files/Pods-Poliv-ios/Pods-Poliv-ios.release.xcconfig"; sourceTree = "<group>"; };
		AC9141182BEE65C8001CBB97 /* Poliv-ios.app */ = {isa = PBXFileReference; explicitFileType = wrapper.application; includeInIndex = 0; path = "Poliv-ios.app"; sourceTree = BUILT_PRODUCTS_DIR; };
		AC91411B2BEE65C8001CBB97 /* Poliv_iosApp.swift */ = {isa = PBXFileReference; lastKnownFileType = sourcecode.swift; path = Poliv_iosApp.swift; sourceTree = "<group>"; };
		AC91411D2BEE65C8001CBB97 /* MainCalendarView.swift */ = {isa = PBXFileReference; lastKnownFileType = sourcecode.swift; path = MainCalendarView.swift; sourceTree = "<group>"; };
		AC91411F2BEE65C9001CBB97 /* Assets.xcassets */ = {isa = PBXFileReference; lastKnownFileType = folder.assetcatalog; path = Assets.xcassets; sourceTree = "<group>"; };
		AC9141212BEE65C9001CBB97 /* Poliv_ios.entitlements */ = {isa = PBXFileReference; lastKnownFileType = text.plist.entitlements; path = Poliv_ios.entitlements; sourceTree = "<group>"; };
		AC9141232BEE65C9001CBB97 /* Preview Assets.xcassets */ = {isa = PBXFileReference; lastKnownFileType = folder.assetcatalog; path = "Preview Assets.xcassets"; sourceTree = "<group>"; };
		AC9B6D172BEE723D00A26E66 /* MainTabBarView.swift */ = {isa = PBXFileReference; lastKnownFileType = sourcecode.swift; path = MainTabBarView.swift; sourceTree = "<group>"; };
		AC9B6D1E2BEE760A00A26E66 /* FeedView.swift */ = {isa = PBXFileReference; lastKnownFileType = sourcecode.swift; path = FeedView.swift; sourceTree = "<group>"; };
		AC9B6D202BEE762500A26E66 /* CreateView.swift */ = {isa = PBXFileReference; lastKnownFileType = sourcecode.swift; path = CreateView.swift; sourceTree = "<group>"; };
		AC9B6D222BEE763000A26E66 /* SovetsView.swift */ = {isa = PBXFileReference; lastKnownFileType = sourcecode.swift; path = SovetsView.swift; sourceTree = "<group>"; };
		AC9B6D242BEE764100A26E66 /* ProfileView.swift */ = {isa = PBXFileReference; lastKnownFileType = sourcecode.swift; path = ProfileView.swift; sourceTree = "<group>"; };
		AC9B6D282BEE799F00A26E66 /* ImageName.swift */ = {isa = PBXFileReference; lastKnownFileType = sourcecode.swift; path = ImageName.swift; sourceTree = "<group>"; };
		AC9B6D2A2BEE7E1E00A26E66 /* TaskToDayView.swift */ = {isa = PBXFileReference; lastKnownFileType = sourcecode.swift; path = TaskToDayView.swift; sourceTree = "<group>"; };
		AC9B6D2D2BEE96F800A26E66 /* TaskViewCell.swift */ = {isa = PBXFileReference; lastKnownFileType = sourcecode.swift; path = TaskViewCell.swift; sourceTree = "<group>"; };
		ACB7FEEC2BEEB08A00E0B150 /* ExtenstionColor.swift */ = {isa = PBXFileReference; lastKnownFileType = sourcecode.swift; path = ExtenstionColor.swift; sourceTree = "<group>"; };
		ACB7FEEE2BEEB0B900E0B150 /* Color.xcassets */ = {isa = PBXFileReference; lastKnownFileType = folder.assetcatalog; path = Color.xcassets; sourceTree = "<group>"; };
		CD504E8137CCAC2607FDEE93 /* Pods_Poliv_ios.framework */ = {isa = PBXFileReference; explicitFileType = wrapper.framework; includeInIndex = 0; path = Pods_Poliv_ios.framework; sourceTree = BUILT_PRODUCTS_DIR; };
/* End PBXFileReference section */

/* Begin PBXFrameworksBuildPhase section */
		AC9141152BEE65C8001CBB97 /* Frameworks */ = {
			isa = PBXFrameworksBuildPhase;
			buildActionMask = 2147483647;
			files = (
				D5EEC51707B9B8A10E0DA08F /* Pods_Poliv_ios.framework in Frameworks */,
			);
			runOnlyForDeploymentPostprocessing = 0;
		};
/* End PBXFrameworksBuildPhase section */

/* Begin PBXGroup section */
		1D3A266831CA48DEC13E954D /* Frameworks */ = {
			isa = PBXGroup;
			children = (
				CD504E8137CCAC2607FDEE93 /* Pods_Poliv_ios.framework */,
			);
			name = Frameworks;
			sourceTree = "<group>";
		};
		AC91410F2BEE65C8001CBB97 = {
			isa = PBXGroup;
			children = (
				AC91411A2BEE65C8001CBB97 /* Poliv-ios */,
				AC9141192BEE65C8001CBB97 /* Products */,
				F5EB689D3E71CE63CDBDDAD0 /* Pods */,
				1D3A266831CA48DEC13E954D /* Frameworks */,
			);
			sourceTree = "<group>";
		};
		AC9141192BEE65C8001CBB97 /* Products */ = {
			isa = PBXGroup;
			children = (
				AC9141182BEE65C8001CBB97 /* Poliv-ios.app */,
			);
			name = Products;
			sourceTree = "<group>";
		};
		AC91411A2BEE65C8001CBB97 /* Poliv-ios */ = {
			isa = PBXGroup;
			children = (
				AC91411B2BEE65C8001CBB97 /* Poliv_iosApp.swift */,
				AC9B6D172BEE723D00A26E66 /* MainTabBarView.swift */,
				AC9B6D272BEE794600A26E66 /* Utilities */,
				AC9B6D262BEE793800A26E66 /* Modules */,
				AC91411F2BEE65C9001CBB97 /* Assets.xcassets */,
				ACB7FEEE2BEEB0B900E0B150 /* Color.xcassets */,
				AC9141212BEE65C9001CBB97 /* Poliv_ios.entitlements */,
				AC9141222BEE65C9001CBB97 /* Preview Content */,
			);
			path = "Poliv-ios";
			sourceTree = "<group>";
		};
		AC9141222BEE65C9001CBB97 /* Preview Content */ = {
			isa = PBXGroup;
			children = (
				AC9141232BEE65C9001CBB97 /* Preview Assets.xcassets */,
			);
			path = "Preview Content";
			sourceTree = "<group>";
		};
		AC9B6D192BEE75C100A26E66 /* MainCalendar */ = {
			isa = PBXGroup;
			children = (
				AC91411D2BEE65C8001CBB97 /* MainCalendarView.swift */,
				AC9B6D2C2BEE7E2300A26E66 /* SubView */,
			);
			path = MainCalendar;
			sourceTree = "<group>";
		};
		AC9B6D1A2BEE75CD00A26E66 /* Feed */ = {
			isa = PBXGroup;
			children = (
				AC9B6D1E2BEE760A00A26E66 /* FeedView.swift */,
			);
			path = Feed;
			sourceTree = "<group>";
		};
		AC9B6D1B2BEE75DD00A26E66 /* Create */ = {
			isa = PBXGroup;
			children = (
				AC9B6D202BEE762500A26E66 /* CreateView.swift */,
			);
			path = Create;
			sourceTree = "<group>";
		};
		AC9B6D1C2BEE75EA00A26E66 /* Sovets */ = {
			isa = PBXGroup;
			children = (
				AC9B6D222BEE763000A26E66 /* SovetsView.swift */,
			);
			path = Sovets;
			sourceTree = "<group>";
		};
		AC9B6D1D2BEE75F500A26E66 /* Profile */ = {
			isa = PBXGroup;
			children = (
				AC9B6D242BEE764100A26E66 /* ProfileView.swift */,
			);
			path = Profile;
			sourceTree = "<group>";
		};
		AC9B6D262BEE793800A26E66 /* Modules */ = {
			isa = PBXGroup;
			children = (
				AC9B6D192BEE75C100A26E66 /* MainCalendar */,
				AC9B6D1A2BEE75CD00A26E66 /* Feed */,
				AC9B6D1B2BEE75DD00A26E66 /* Create */,
				AC9B6D1C2BEE75EA00A26E66 /* Sovets */,
				AC9B6D1D2BEE75F500A26E66 /* Profile */,
			);
			path = Modules;
			sourceTree = "<group>";
		};
		AC9B6D272BEE794600A26E66 /* Utilities */ = {
			isa = PBXGroup;
			children = (
				AC9B6D282BEE799F00A26E66 /* ImageName.swift */,
				ACB7FEEC2BEEB08A00E0B150 /* ExtenstionColor.swift */,
			);
			path = Utilities;
			sourceTree = "<group>";
		};
		AC9B6D2C2BEE7E2300A26E66 /* SubView */ = {
			isa = PBXGroup;
			children = (
				AC9B6D2A2BEE7E1E00A26E66 /* TaskToDayView.swift */,
				AC9B6D2D2BEE96F800A26E66 /* TaskViewCell.swift */,
			);
			path = SubView;
			sourceTree = "<group>";
		};
		F5EB689D3E71CE63CDBDDAD0 /* Pods */ = {
			isa = PBXGroup;
			children = (
				4372C414ED8BAA0C1DA7D94F /* Pods-Poliv-ios.debug.xcconfig */,
				9BDB03F56F1D323F57D9BF0E /* Pods-Poliv-ios.release.xcconfig */,
			);
			path = Pods;
			sourceTree = "<group>";
		};
/* End PBXGroup section */

/* Begin PBXNativeTarget section */
		AC9141172BEE65C8001CBB97 /* Poliv-ios */ = {
			isa = PBXNativeTarget;
			buildConfigurationList = AC9141272BEE65C9001CBB97 /* Build configuration list for PBXNativeTarget "Poliv-ios" */;
			buildPhases = (
				2B75B2D9E3852B7D74D59AFE /* [CP] Check Pods Manifest.lock */,
				AC9141142BEE65C8001CBB97 /* Sources */,
				AC9141152BEE65C8001CBB97 /* Frameworks */,
				AC9141162BEE65C8001CBB97 /* Resources */,
				A08F2AEA3F30DF85EC5E0D1A /* [CP] Embed Pods Frameworks */,
			);
			buildRules = (
			);
			dependencies = (
			);
			name = "Poliv-ios";
			productName = "Poliv-ios";
			productReference = AC9141182BEE65C8001CBB97 /* Poliv-ios.app */;
			productType = "com.apple.product-type.application";
		};
/* End PBXNativeTarget section */

/* Begin PBXProject section */
		AC9141102BEE65C8001CBB97 /* Project object */ = {
			isa = PBXProject;
			attributes = {
				BuildIndependentTargetsInParallel = 1;
				LastSwiftUpdateCheck = 1520;
				LastUpgradeCheck = 1520;
				TargetAttributes = {
					AC9141172BEE65C8001CBB97 = {
						CreatedOnToolsVersion = 15.2;
					};
				};
			};
			buildConfigurationList = AC9141132BEE65C8001CBB97 /* Build configuration list for PBXProject "Poliv-ios" */;
			compatibilityVersion = "Xcode 14.0";
			developmentRegion = en;
			hasScannedForEncodings = 0;
			knownRegions = (
				en,
				Base,
			);
			mainGroup = AC91410F2BEE65C8001CBB97;
			productRefGroup = AC9141192BEE65C8001CBB97 /* Products */;
			projectDirPath = "";
			projectRoot = "";
			targets = (
				AC9141172BEE65C8001CBB97 /* Poliv-ios */,
			);
		};
/* End PBXProject section */

/* Begin PBXResourcesBuildPhase section */
		AC9141162BEE65C8001CBB97 /* Resources */ = {
			isa = PBXResourcesBuildPhase;
			buildActionMask = 2147483647;
			files = (
				AC9141242BEE65C9001CBB97 /* Preview Assets.xcassets in Resources */,
				AC9141202BEE65C9001CBB97 /* Assets.xcassets in Resources */,
				ACB7FEEF2BEEB0B900E0B150 /* Color.xcassets in Resources */,
			);
			runOnlyForDeploymentPostprocessing = 0;
		};
/* End PBXResourcesBuildPhase section */

/* Begin PBXShellScriptBuildPhase section */
		2B75B2D9E3852B7D74D59AFE /* [CP] Check Pods Manifest.lock */ = {
			isa = PBXShellScriptBuildPhase;
			buildActionMask = 2147483647;
			files = (
			);
			inputFileListPaths = (
			);
			inputPaths = (
				"${PODS_PODFILE_DIR_PATH}/Podfile.lock",
				"${PODS_ROOT}/Manifest.lock",
			);
			name = "[CP] Check Pods Manifest.lock";
			outputFileListPaths = (
			);
			outputPaths = (
				"$(DERIVED_FILE_DIR)/Pods-Poliv-ios-checkManifestLockResult.txt",
			);
			runOnlyForDeploymentPostprocessing = 0;
			shellPath = /bin/sh;
			shellScript = "diff \"${PODS_PODFILE_DIR_PATH}/Podfile.lock\" \"${PODS_ROOT}/Manifest.lock\" > /dev/null\nif [ $? != 0 ] ; then\n    # print error to STDERR\n    echo \"error: The sandbox is not in sync with the Podfile.lock. Run 'pod install' or update your CocoaPods installation.\" >&2\n    exit 1\nfi\n# This output is used by Xcode 'outputs' to avoid re-running this script phase.\necho \"SUCCESS\" > \"${SCRIPT_OUTPUT_FILE_0}\"\n";
			showEnvVarsInLog = 0;
		};
		A08F2AEA3F30DF85EC5E0D1A /* [CP] Embed Pods Frameworks */ = {
			isa = PBXShellScriptBuildPhase;
			buildActionMask = 2147483647;
			files = (
			);
			inputFileListPaths = (
				"${PODS_ROOT}/Target Support Files/Pods-Poliv-ios/Pods-Poliv-ios-frameworks-${CONFIGURATION}-input-files.xcfilelist",
			);
			name = "[CP] Embed Pods Frameworks";
			outputFileListPaths = (
				"${PODS_ROOT}/Target Support Files/Pods-Poliv-ios/Pods-Poliv-ios-frameworks-${CONFIGURATION}-output-files.xcfilelist",
			);
			runOnlyForDeploymentPostprocessing = 0;
			shellPath = /bin/sh;
			shellScript = "\"${PODS_ROOT}/Target Support Files/Pods-Poliv-ios/Pods-Poliv-ios-frameworks.sh\"\n";
			showEnvVarsInLog = 0;
		};
/* End PBXShellScriptBuildPhase section */

/* Begin PBXSourcesBuildPhase section */
		AC9141142BEE65C8001CBB97 /* Sources */ = {
			isa = PBXSourcesBuildPhase;
			buildActionMask = 2147483647;
			files = (
				AC9B6D1F2BEE760A00A26E66 /* FeedView.swift in Sources */,
				ACB7FEED2BEEB08A00E0B150 /* ExtenstionColor.swift in Sources */,
				AC91411E2BEE65C8001CBB97 /* MainCalendarView.swift in Sources */,
				AC9B6D232BEE763000A26E66 /* SovetsView.swift in Sources */,
				AC9B6D182BEE723D00A26E66 /* MainTabBarView.swift in Sources */,
				AC91411C2BEE65C8001CBB97 /* Poliv_iosApp.swift in Sources */,
				AC9B6D252BEE764100A26E66 /* ProfileView.swift in Sources */,
				AC9B6D212BEE762500A26E66 /* CreateView.swift in Sources */,
				AC9B6D2E2BEE96F800A26E66 /* TaskViewCell.swift in Sources */,
				AC9B6D2B2BEE7E1E00A26E66 /* TaskToDayView.swift in Sources */,
				AC9B6D292BEE799F00A26E66 /* ImageName.swift in Sources */,
			);
			runOnlyForDeploymentPostprocessing = 0;
		};
/* End PBXSourcesBuildPhase section */

/* Begin XCBuildConfiguration section */
		AC9141252BEE65C9001CBB97 /* Debug */ = {
			isa = XCBuildConfiguration;
			buildSettings = {
				ALWAYS_SEARCH_USER_PATHS = NO;
				ASSETCATALOG_COMPILER_GENERATE_SWIFT_ASSET_SYMBOL_EXTENSIONS = YES;
				CLANG_ANALYZER_NONNULL = YES;
				CLANG_ANALYZER_NUMBER_OBJECT_CONVERSION = YES_AGGRESSIVE;
				CLANG_CXX_LANGUAGE_STANDARD = "gnu++20";
				CLANG_ENABLE_MODULES = YES;
				CLANG_ENABLE_OBJC_ARC = YES;
				CLANG_ENABLE_OBJC_WEAK = YES;
				CLANG_WARN_BLOCK_CAPTURE_AUTORELEASING = YES;
				CLANG_WARN_BOOL_CONVERSION = YES;
				CLANG_WARN_COMMA = YES;
				CLANG_WARN_CONSTANT_CONVERSION = YES;
				CLANG_WARN_DEPRECATED_OBJC_IMPLEMENTATIONS = YES;
				CLANG_WARN_DIRECT_OBJC_ISA_USAGE = YES_ERROR;
				CLANG_WARN_DOCUMENTATION_COMMENTS = YES;
				CLANG_WARN_EMPTY_BODY = YES;
				CLANG_WARN_ENUM_CONVERSION = YES;
				CLANG_WARN_INFINITE_RECURSION = YES;
				CLANG_WARN_INT_CONVERSION = YES;
				CLANG_WARN_NON_LITERAL_NULL_CONVERSION = YES;
				CLANG_WARN_OBJC_IMPLICIT_RETAIN_SELF = YES;
				CLANG_WARN_OBJC_LITERAL_CONVERSION = YES;
				CLANG_WARN_OBJC_ROOT_CLASS = YES_ERROR;
				CLANG_WARN_QUOTED_INCLUDE_IN_FRAMEWORK_HEADER = YES;
				CLANG_WARN_RANGE_LOOP_ANALYSIS = YES;
				CLANG_WARN_STRICT_PROTOTYPES = YES;
				CLANG_WARN_SUSPICIOUS_MOVE = YES;
				CLANG_WARN_UNGUARDED_AVAILABILITY = YES_AGGRESSIVE;
				CLANG_WARN_UNREACHABLE_CODE = YES;
				CLANG_WARN__DUPLICATE_METHOD_MATCH = YES;
				COPY_PHASE_STRIP = NO;
				DEBUG_INFORMATION_FORMAT = dwarf;
				ENABLE_STRICT_OBJC_MSGSEND = YES;
				ENABLE_TESTABILITY = YES;
				ENABLE_USER_SCRIPT_SANDBOXING = NO;
				GCC_C_LANGUAGE_STANDARD = gnu17;
				GCC_DYNAMIC_NO_PIC = NO;
				GCC_NO_COMMON_BLOCKS = YES;
				GCC_OPTIMIZATION_LEVEL = 0;
				GCC_PREPROCESSOR_DEFINITIONS = (
					"DEBUG=1",
					"$(inherited)",
				);
				GCC_WARN_64_TO_32_BIT_CONVERSION = YES;
				GCC_WARN_ABOUT_RETURN_TYPE = YES_ERROR;
				GCC_WARN_UNDECLARED_SELECTOR = YES;
				GCC_WARN_UNINITIALIZED_AUTOS = YES_AGGRESSIVE;
				GCC_WARN_UNUSED_FUNCTION = YES;
				GCC_WARN_UNUSED_VARIABLE = YES;
				LOCALIZATION_PREFERS_STRING_CATALOGS = YES;
				MTL_ENABLE_DEBUG_INFO = INCLUDE_SOURCE;
				MTL_FAST_MATH = YES;
				ONLY_ACTIVE_ARCH = YES;
				SWIFT_ACTIVE_COMPILATION_CONDITIONS = "DEBUG $(inherited)";
				SWIFT_OPTIMIZATION_LEVEL = "-Onone";
			};
			name = Debug;
		};
		AC9141262BEE65C9001CBB97 /* Release */ = {
			isa = XCBuildConfiguration;
			buildSettings = {
				ALWAYS_SEARCH_USER_PATHS = NO;
				ASSETCATALOG_COMPILER_GENERATE_SWIFT_ASSET_SYMBOL_EXTENSIONS = YES;
				CLANG_ANALYZER_NONNULL = YES;
				CLANG_ANALYZER_NUMBER_OBJECT_CONVERSION = YES_AGGRESSIVE;
				CLANG_CXX_LANGUAGE_STANDARD = "gnu++20";
				CLANG_ENABLE_MODULES = YES;
				CLANG_ENABLE_OBJC_ARC = YES;
				CLANG_ENABLE_OBJC_WEAK = YES;
				CLANG_WARN_BLOCK_CAPTURE_AUTORELEASING = YES;
				CLANG_WARN_BOOL_CONVERSION = YES;
				CLANG_WARN_COMMA = YES;
				CLANG_WARN_CONSTANT_CONVERSION = YES;
				CLANG_WARN_DEPRECATED_OBJC_IMPLEMENTATIONS = YES;
				CLANG_WARN_DIRECT_OBJC_ISA_USAGE = YES_ERROR;
				CLANG_WARN_DOCUMENTATION_COMMENTS = YES;
				CLANG_WARN_EMPTY_BODY = YES;
				CLANG_WARN_ENUM_CONVERSION = YES;
				CLANG_WARN_INFINITE_RECURSION = YES;
				CLANG_WARN_INT_CONVERSION = YES;
				CLANG_WARN_NON_LITERAL_NULL_CONVERSION = YES;
				CLANG_WARN_OBJC_IMPLICIT_RETAIN_SELF = YES;
				CLANG_WARN_OBJC_LITERAL_CONVERSION = YES;
				CLANG_WARN_OBJC_ROOT_CLASS = YES_ERROR;
				CLANG_WARN_QUOTED_INCLUDE_IN_FRAMEWORK_HEADER = YES;
				CLANG_WARN_RANGE_LOOP_ANALYSIS = YES;
				CLANG_WARN_STRICT_PROTOTYPES = YES;
				CLANG_WARN_SUSPICIOUS_MOVE = YES;
				CLANG_WARN_UNGUARDED_AVAILABILITY = YES_AGGRESSIVE;
				CLANG_WARN_UNREACHABLE_CODE = YES;
				CLANG_WARN__DUPLICATE_METHOD_MATCH = YES;
				COPY_PHASE_STRIP = NO;
				DEBUG_INFORMATION_FORMAT = "dwarf-with-dsym";
				ENABLE_NS_ASSERTIONS = NO;
				ENABLE_STRICT_OBJC_MSGSEND = YES;
				ENABLE_USER_SCRIPT_SANDBOXING = NO;
				GCC_C_LANGUAGE_STANDARD = gnu17;
				GCC_NO_COMMON_BLOCKS = YES;
				GCC_WARN_64_TO_32_BIT_CONVERSION = YES;
				GCC_WARN_ABOUT_RETURN_TYPE = YES_ERROR;
				GCC_WARN_UNDECLARED_SELECTOR = YES;
				GCC_WARN_UNINITIALIZED_AUTOS = YES_AGGRESSIVE;
				GCC_WARN_UNUSED_FUNCTION = YES;
				GCC_WARN_UNUSED_VARIABLE = YES;
				LOCALIZATION_PREFERS_STRING_CATALOGS = YES;
				MTL_ENABLE_DEBUG_INFO = NO;
				MTL_FAST_MATH = YES;
				SWIFT_COMPILATION_MODE = wholemodule;
			};
			name = Release;
		};
		AC9141282BEE65C9001CBB97 /* Debug */ = {
			isa = XCBuildConfiguration;
			baseConfigurationReference = 4372C414ED8BAA0C1DA7D94F /* Pods-Poliv-ios.debug.xcconfig */;
			buildSettings = {
				ASSETCATALOG_COMPILER_APPICON_NAME = AppIcon;
				ASSETCATALOG_COMPILER_GLOBAL_ACCENT_COLOR_NAME = AccentColor;
				CODE_SIGN_ENTITLEMENTS = "Poliv-ios/Poliv_ios.entitlements";
				CODE_SIGN_STYLE = Automatic;
				CURRENT_PROJECT_VERSION = 1;
				DEVELOPMENT_ASSET_PATHS = "\"Poliv-ios/Preview Content\"";
				DEVELOPMENT_TEAM = TASLBX7W95;
				ENABLE_HARDENED_RUNTIME = YES;
				ENABLE_PREVIEWS = YES;
				GENERATE_INFOPLIST_FILE = YES;
				"INFOPLIST_KEY_UIApplicationSceneManifest_Generation[sdk=iphoneos*]" = YES;
				"INFOPLIST_KEY_UIApplicationSceneManifest_Generation[sdk=iphonesimulator*]" = YES;
				"INFOPLIST_KEY_UIApplicationSupportsIndirectInputEvents[sdk=iphoneos*]" = YES;
				"INFOPLIST_KEY_UIApplicationSupportsIndirectInputEvents[sdk=iphonesimulator*]" = YES;
				"INFOPLIST_KEY_UILaunchScreen_Generation[sdk=iphoneos*]" = YES;
				"INFOPLIST_KEY_UILaunchScreen_Generation[sdk=iphonesimulator*]" = YES;
				"INFOPLIST_KEY_UIStatusBarStyle[sdk=iphoneos*]" = UIStatusBarStyleDefault;
				"INFOPLIST_KEY_UIStatusBarStyle[sdk=iphonesimulator*]" = UIStatusBarStyleDefault;
				INFOPLIST_KEY_UISupportedInterfaceOrientations_iPad = "UIInterfaceOrientationPortrait UIInterfaceOrientationPortraitUpsideDown UIInterfaceOrientationLandscapeLeft UIInterfaceOrientationLandscapeRight";
				INFOPLIST_KEY_UISupportedInterfaceOrientations_iPhone = "UIInterfaceOrientationPortrait UIInterfaceOrientationLandscapeLeft UIInterfaceOrientationLandscapeRight";
				IPHONEOS_DEPLOYMENT_TARGET = 15.0;
				LD_RUNPATH_SEARCH_PATHS = "@executable_path/Frameworks";
				"LD_RUNPATH_SEARCH_PATHS[sdk=macosx*]" = "@executable_path/../Frameworks";
				MACOSX_DEPLOYMENT_TARGET = 14.1;
				MARKETING_VERSION = 1.0;
				PRODUCT_BUNDLE_IDENTIFIER = "neshko.Poliv-ios";
				PRODUCT_NAME = "$(TARGET_NAME)";
				SDKROOT = auto;
				SUPPORTED_PLATFORMS = "iphoneos iphonesimulator macosx";
				SWIFT_EMIT_LOC_STRINGS = YES;
				SWIFT_VERSION = 5.0;
				TARGETED_DEVICE_FAMILY = "1,2";
			};
			name = Debug;
		};
		AC9141292BEE65C9001CBB97 /* Release */ = {
			isa = XCBuildConfiguration;
			baseConfigurationReference = 9BDB03F56F1D323F57D9BF0E /* Pods-Poliv-ios.release.xcconfig */;
			buildSettings = {
				ASSETCATALOG_COMPILER_APPICON_NAME = AppIcon;
				ASSETCATALOG_COMPILER_GLOBAL_ACCENT_COLOR_NAME = AccentColor;
				CODE_SIGN_ENTITLEMENTS = "Poliv-ios/Poliv_ios.entitlements";
				CODE_SIGN_STYLE = Automatic;
				CURRENT_PROJECT_VERSION = 1;
				DEVELOPMENT_ASSET_PATHS = "\"Poliv-ios/Preview Content\"";
				DEVELOPMENT_TEAM = TASLBX7W95;
				ENABLE_HARDENED_RUNTIME = YES;
				ENABLE_PREVIEWS = YES;
				GENERATE_INFOPLIST_FILE = YES;
				"INFOPLIST_KEY_UIApplicationSceneManifest_Generation[sdk=iphoneos*]" = YES;
				"INFOPLIST_KEY_UIApplicationSceneManifest_Generation[sdk=iphonesimulator*]" = YES;
				"INFOPLIST_KEY_UIApplicationSupportsIndirectInputEvents[sdk=iphoneos*]" = YES;
				"INFOPLIST_KEY_UIApplicationSupportsIndirectInputEvents[sdk=iphonesimulator*]" = YES;
				"INFOPLIST_KEY_UILaunchScreen_Generation[sdk=iphoneos*]" = YES;
				"INFOPLIST_KEY_UILaunchScreen_Generation[sdk=iphonesimulator*]" = YES;
				"INFOPLIST_KEY_UIStatusBarStyle[sdk=iphoneos*]" = UIStatusBarStyleDefault;
				"INFOPLIST_KEY_UIStatusBarStyle[sdk=iphonesimulator*]" = UIStatusBarStyleDefault;
				INFOPLIST_KEY_UISupportedInterfaceOrientations_iPad = "UIInterfaceOrientationPortrait UIInterfaceOrientationPortraitUpsideDown UIInterfaceOrientationLandscapeLeft UIInterfaceOrientationLandscapeRight";
				INFOPLIST_KEY_UISupportedInterfaceOrientations_iPhone = "UIInterfaceOrientationPortrait UIInterfaceOrientationLandscapeLeft UIInterfaceOrientationLandscapeRight";
				IPHONEOS_DEPLOYMENT_TARGET = 15.0;
				LD_RUNPATH_SEARCH_PATHS = "@executable_path/Frameworks";
				"LD_RUNPATH_SEARCH_PATHS[sdk=macosx*]" = "@executable_path/../Frameworks";
				MACOSX_DEPLOYMENT_TARGET = 14.1;
				MARKETING_VERSION = 1.0;
				PRODUCT_BUNDLE_IDENTIFIER = "neshko.Poliv-ios";
				PRODUCT_NAME = "$(TARGET_NAME)";
				SDKROOT = auto;
				SUPPORTED_PLATFORMS = "iphoneos iphonesimulator macosx";
				SWIFT_EMIT_LOC_STRINGS = YES;
				SWIFT_VERSION = 5.0;
				TARGETED_DEVICE_FAMILY = "1,2";
			};
			name = Release;
		};
/* End XCBuildConfiguration section */

/* Begin XCConfigurationList section */
		AC9141132BEE65C8001CBB97 /* Build configuration list for PBXProject "Poliv-ios" */ = {
			isa = XCConfigurationList;
			buildConfigurations = (
				AC9141252BEE65C9001CBB97 /* Debug */,
				AC9141262BEE65C9001CBB97 /* Release */,
			);
			defaultConfigurationIsVisible = 0;
			defaultConfigurationName = Release;
		};
		AC9141272BEE65C9001CBB97 /* Build configuration list for PBXNativeTarget "Poliv-ios" */ = {
			isa = XCConfigurationList;
			buildConfigurations = (
				AC9141282BEE65C9001CBB97 /* Debug */,
				AC9141292BEE65C9001CBB97 /* Release */,
			);
			defaultConfigurationIsVisible = 0;
			defaultConfigurationName = Release;
		};
/* End XCConfigurationList section */
	};
	rootObject = AC9141102BEE65C8001CBB97 /* Project object */;
}
