PODS:
  - Alamofire (5.9.1)
  - GRDB.swift (6.24.1):
    - GRDB.swift/standard (= 6.24.1)
  - GRDB.swift/standard (6.24.1)
  - SnapKit (5.7.1)
  - SQLite.swift (0.15.3):
    - SQLite.swift/standard (= 0.15.3)
  - SQLite.swift/standard (0.15.3)

DEPENDENCIES:
  - Alamofire
  - GRDB.swift (~> 6.24.1)
  - SnapKit
  - SQLite.swift

SPEC REPOS:
  trunk:
    - Alamofire
    - GRDB.swift
    - SnapKit
    - SQLite.swift

SPEC CHECKSUMS:
  Alamofire: f36a35757af4587d8e4f4bfa223ad10be2422b8c
  GRDB.swift: 136dcb5d8dddca50aae3ba7d77475f79e7232cd8
  SnapKit: d612e99e678a2d3b95bf60b0705ed0a35c03484a
  SQLite.swift: 8d054987f02728cc912b0eb5a9659650573a65a2

PODFILE CHECKSUM: a84f8065606660540f5d9c2eac25a6e1cf7fecf4

COCOAPODS: 1.15.2
